
Microsoft Visual Studio Solution File, Format Version 12.00
# Visual Studio Version 16
VisualStudioVersion = 16.0.30413.136
MinimumVisualStudioVersion = 10.0.40219.1
Project("{FAE04EC0-301F-11D3-BF4B-00C04F79EFBC}") = "CodeBase", "CodeBase\CodeBase.csproj", "{7E18E899-459F-4898-8150-8046EF078084}"
EndProject
Global
	GlobalSection(SolutionConfigurationPlatforms) = preSolution
		Debug|Any CPU = Debug|Any CPU
		Release|Any CPU = Release|Any CPU
	EndGlobalSection
	GlobalSection(ProjectConfigurationPlatforms) = postSolution
		{7E18E899-459F-4898-8150-8046EF078084}.Debug|Any CPU.ActiveCfg = Debug|Any CPU
		{7E18E899-459F-4898-8150-8046EF078084}.Debug|Any CPU.Build.0 = Debug|Any CPU
		{7E18E899-459F-4898-8150-8046EF078084}.Release|Any CPU.ActiveCfg = Release|Any CPU
		{7E18E899-459F-4898-8150-8046EF078084}.Release|Any CPU.Build.0 = Release|Any CPU
	EndGlobalSection
	GlobalSection(SolutionProperties) = preSolution
		HideSolutionNode = FALSE
	EndGlobalSection
	GlobalSection(ExtensibilityGlobals) = postSolution
		SolutionGuid = {22BA10BF-A30E-4AD7-9BBF-F5031CA1D874}
	EndGlobalSection
EndGlobal
